
Microsoft Visual Studio Solution File, Format Version 12.00
# Visual Studio Version 17
VisualStudioVersion = 17.3.32901.215
MinimumVisualStudioVersion = 10.0.40219.1
Project("{FAE04EC0-301F-11D3-BF4B-00C04F79EFBC}") = "VECTORES", "VECTORES.csproj", "{E7E40093-E447-4487-A688-B0CEF75869C0}"
EndProject
Global
	GlobalSection(SolutionConfigurationPlatforms) = preSolution
		Debug|Any CPU = Debug|Any CPU
		Release|Any CPU = Release|Any CPU
	EndGlobalSection
	GlobalSection(ProjectConfigurationPlatforms) = postSolution
		{E7E40093-E447-4487-A688-B0CEF75869C0}.Debug|Any CPU.ActiveCfg = Debug|Any CPU
		{E7E40093-E447-4487-A688-B0CEF75869C0}.Debug|Any CPU.Build.0 = Debug|Any CPU
		{E7E40093-E447-4487-A688-B0CEF75869C0}.Release|Any CPU.ActiveCfg = Release|Any CPU
		{E7E40093-E447-4487-A688-B0CEF75869C0}.Release|Any CPU.Build.0 = Release|Any CPU
	EndGlobalSection
	GlobalSection(SolutionProperties) = preSolution
		HideSolutionNode = FALSE
	EndGlobalSection
	GlobalSection(ExtensibilityGlobals) = postSolution
		SolutionGuid = {E77F61D3-B35F-4856-A2CA-7FB54F9ED8BD}
	EndGlobalSection
EndGlobal
