
Microsoft Visual Studio Solution File, Format Version 12.00
# Visual Studio Version 17
VisualStudioVersion = 17.3.32901.215
MinimumVisualStudioVersion = 10.0.40219.1
Project("{FAE04EC0-301F-11D3-BF4B-00C04F79EFBC}") = "EJERCICIO EN CLASE", "EJERCICIO EN CLASE.csproj", "{6676DF81-11FB-4A94-84BF-A05A28103D7F}"
EndProject
Global
	GlobalSection(SolutionConfigurationPlatforms) = preSolution
		Debug|Any CPU = Debug|Any CPU
		Release|Any CPU = Release|Any CPU
	EndGlobalSection
	GlobalSection(ProjectConfigurationPlatforms) = postSolution
		{6676DF81-11FB-4A94-84BF-A05A28103D7F}.Debug|Any CPU.ActiveCfg = Debug|Any CPU
		{6676DF81-11FB-4A94-84BF-A05A28103D7F}.Debug|Any CPU.Build.0 = Debug|Any CPU
		{6676DF81-11FB-4A94-84BF-A05A28103D7F}.Release|Any CPU.ActiveCfg = Release|Any CPU
		{6676DF81-11FB-4A94-84BF-A05A28103D7F}.Release|Any CPU.Build.0 = Release|Any CPU
	EndGlobalSection
	GlobalSection(SolutionProperties) = preSolution
		HideSolutionNode = FALSE
	EndGlobalSection
	GlobalSection(ExtensibilityGlobals) = postSolution
		SolutionGuid = {F82049C2-D549-40F5-800B-D92F329949BC}
	EndGlobalSection
EndGlobal
